
Microsoft Visual Studio Solution File, Format Version 12.00
# Visual Studio Version 17
VisualStudioVersion = 17.7.34202.233
MinimumVisualStudioVersion = 10.0.40219.1
Project("{FAE04EC0-301F-11D3-BF4B-00C04F79EFBC}") = "PicMe", "PicMe\PicMe.csproj", "{DC04157C-4277-49EF-9ADD-6AEC06F16BF3}"
EndProject
Project("{FAE04EC0-301F-11D3-BF4B-00C04F79EFBC}") = "MyPics_Library", "C:\Users\warma\Downloads\New folder (27)\MyPics-main\MyPics_Library\MyPics_Library.csproj", "{0DE7C14A-996F-4D61-BD1D-FD3B0244D957}"
EndProject
Global
	GlobalSection(SolutionConfigurationPlatforms) = preSolution
		Debug|Any CPU = Debug|Any CPU
		Release|Any CPU = Release|Any CPU
	EndGlobalSection
	GlobalSection(ProjectConfigurationPlatforms) = postSolution
		{DC04157C-4277-49EF-9ADD-6AEC06F16BF3}.Debug|Any CPU.ActiveCfg = Debug|Any CPU
		{DC04157C-4277-49EF-9ADD-6AEC06F16BF3}.Debug|Any CPU.Build.0 = Debug|Any CPU
		{DC04157C-4277-49EF-9ADD-6AEC06F16BF3}.Release|Any CPU.ActiveCfg = Release|Any CPU
		{DC04157C-4277-49EF-9ADD-6AEC06F16BF3}.Release|Any CPU.Build.0 = Release|Any CPU
		{0DE7C14A-996F-4D61-BD1D-FD3B0244D957}.Debug|Any CPU.ActiveCfg = Debug|Any CPU
		{0DE7C14A-996F-4D61-BD1D-FD3B0244D957}.Debug|Any CPU.Build.0 = Debug|Any CPU
		{0DE7C14A-996F-4D61-BD1D-FD3B0244D957}.Release|Any CPU.ActiveCfg = Release|Any CPU
		{0DE7C14A-996F-4D61-BD1D-FD3B0244D957}.Release|Any CPU.Build.0 = Release|Any CPU
	EndGlobalSection
	GlobalSection(SolutionProperties) = preSolution
		HideSolutionNode = FALSE
	EndGlobalSection
	GlobalSection(ExtensibilityGlobals) = postSolution
		SolutionGuid = {CB3E2B46-B4DA-49D4-8692-9F0C287C65FE}
	EndGlobalSection
EndGlobal
